
Microsoft Visual Studio Solution File, Format Version 12.00
# Visual Studio 14
VisualStudioVersion = 14.0.25123.0
MinimumVisualStudioVersion = 10.0.40219.1
Project("{FAE04EC0-301F-11D3-BF4B-00C04F79EFBC}") = "PodStream", "PodStream\PodStream.csproj", "{71ABFA71-8529-4ADE-9545-0DEB3EEE0798}"
EndProject
Project("{FAE04EC0-301F-11D3-BF4B-00C04F79EFBC}") = "PodStream_UnitTest", "PodStream_UnitTest\PodStream_UnitTest.csproj", "{55DA6779-10EB-4729-987C-35CEF2EABB44}"
EndProject
Project("{FAE04EC0-301F-11D3-BF4B-00C04F79EFBC}") = "Downloader", "Downloader\Downloader.csproj", "{701E982F-F475-488B-B661-C376E530D50F}"
EndProject
Project("{FAE04EC0-301F-11D3-BF4B-00C04F79EFBC}") = "PodStream.Core", "PodStream.Core\PodStream.Core.csproj", "{57EFBE85-D7F1-4D17-A799-6350B5605AB2}"
EndProject
Global
	GlobalSection(SolutionConfigurationPlatforms) = preSolution
		Debug|Any CPU = Debug|Any CPU
		Release|Any CPU = Release|Any CPU
	EndGlobalSection
	GlobalSection(ProjectConfigurationPlatforms) = postSolution
		{71ABFA71-8529-4ADE-9545-0DEB3EEE0798}.Debug|Any CPU.ActiveCfg = Debug|Any CPU
		{71ABFA71-8529-4ADE-9545-0DEB3EEE0798}.Debug|Any CPU.Build.0 = Debug|Any CPU
		{71ABFA71-8529-4ADE-9545-0DEB3EEE0798}.Release|Any CPU.ActiveCfg = Release|Any CPU
		{71ABFA71-8529-4ADE-9545-0DEB3EEE0798}.Release|Any CPU.Build.0 = Release|Any CPU
		{55DA6779-10EB-4729-987C-35CEF2EABB44}.Debug|Any CPU.ActiveCfg = Debug|Any CPU
		{55DA6779-10EB-4729-987C-35CEF2EABB44}.Debug|Any CPU.Build.0 = Debug|Any CPU
		{55DA6779-10EB-4729-987C-35CEF2EABB44}.Release|Any CPU.ActiveCfg = Release|Any CPU
		{55DA6779-10EB-4729-987C-35CEF2EABB44}.Release|Any CPU.Build.0 = Release|Any CPU
		{701E982F-F475-488B-B661-C376E530D50F}.Debug|Any CPU.ActiveCfg = Debug|Any CPU
		{701E982F-F475-488B-B661-C376E530D50F}.Debug|Any CPU.Build.0 = Debug|Any CPU
		{701E982F-F475-488B-B661-C376E530D50F}.Release|Any CPU.ActiveCfg = Release|Any CPU
		{701E982F-F475-488B-B661-C376E530D50F}.Release|Any CPU.Build.0 = Release|Any CPU
		{57EFBE85-D7F1-4D17-A799-6350B5605AB2}.Debug|Any CPU.ActiveCfg = Debug|Any CPU
		{57EFBE85-D7F1-4D17-A799-6350B5605AB2}.Debug|Any CPU.Build.0 = Debug|Any CPU
		{57EFBE85-D7F1-4D17-A799-6350B5605AB2}.Release|Any CPU.ActiveCfg = Release|Any CPU
		{57EFBE85-D7F1-4D17-A799-6350B5605AB2}.Release|Any CPU.Build.0 = Release|Any CPU
	EndGlobalSection
	GlobalSection(SolutionProperties) = preSolution
		HideSolutionNode = FALSE
	EndGlobalSection
EndGlobal
